
Microsoft Visual Studio Solution File, Format Version 12.00
# Visual Studio Version 17
VisualStudioVersion = 17.4.33213.308
MinimumVisualStudioVersion = 10.0.40219.1
Project("{FAE04EC0-301F-11D3-BF4B-00C04F79EFBC}") = "Apogee-corrects-format-of-pictures", "Apogee-corrects-format-of-pictures\Apogee-corrects-format-of-pictures.csproj", "{70A18CE3-5E09-4101-B572-0D22775385D0}"
EndProject
Global
	GlobalSection(SolutionConfigurationPlatforms) = preSolution
		Debug|Any CPU = Debug|Any CPU
		Release|Any CPU = Release|Any CPU
	EndGlobalSection
	GlobalSection(ProjectConfigurationPlatforms) = postSolution
		{70A18CE3-5E09-4101-B572-0D22775385D0}.Debug|Any CPU.ActiveCfg = Debug|Any CPU
		{70A18CE3-5E09-4101-B572-0D22775385D0}.Debug|Any CPU.Build.0 = Debug|Any CPU
		{70A18CE3-5E09-4101-B572-0D22775385D0}.Release|Any CPU.ActiveCfg = Release|Any CPU
		{70A18CE3-5E09-4101-B572-0D22775385D0}.Release|Any CPU.Build.0 = Release|Any CPU
	EndGlobalSection
	GlobalSection(SolutionProperties) = preSolution
		HideSolutionNode = FALSE
	EndGlobalSection
	GlobalSection(ExtensibilityGlobals) = postSolution
		SolutionGuid = {20D198A5-CB28-418E-8FD5-0E5B29255B7E}
	EndGlobalSection
EndGlobal
